<?xml version="1.0" encoding="utf-8"?>
<Project ToolsVersion="4.0" xmlns="http://schemas.microsoft.com/developer/msbuild/2003">
  <ItemGroup>
    <Filter Include="Source Files">
      <UniqueIdentifier>{4FC737F1-C7A5-4376-A066-2A32D752A2FF}</UniqueIdentifier>
      <Extensions>cpp;c;cc;cxx;c++;cppm;ixx;def;odl;idl;hpj;bat;asm;asmx</Extensions>
    </Filter>
    <Filter Include="Header Files">
      <UniqueIdentifier>{93995380-89BD-4b04-88EB-625FBE52EBFB}</UniqueIdentifier>
      <Extensions>h;hh;hpp;hxx;h++;hm;inl;inc;ipp;xsd</Extensions>
    </Filter>
    <Filter Include="Resource Files">
      <UniqueIdentifier>{67DA6AB6-F800-4c08-8B7A-83BB121AAD01}</UniqueIdentifier>
      <Extensions>rc;ico;cur;bmp;dlg;rc2;rct;bin;rgs;gif;jpg;jpeg;jpe;resx;tiff;tif;png;wav;mfcribbon-ms</Extensions>
    </Filter>
  </ItemGroup>
  <ItemGroup>
    <ClCompile Include="Engine.cpp">
      <Filter>Source Files</Filter>
    </ClCompile>
    <ClCompile Include="Session.cpp">
      <Filter>Source Files</Filter>
    </ClCompile>
    <ClCompile Include="Image.cpp">
      <Filter>Source Files</Filter>
    </ClCompile>
    <ClCompile Include="Command.cpp">
      <Filter>Source Files</Filter>
    </ClCompile>
    <ClCompile Include="ImageCollection.cpp">
      <Filter>Source Files</Filter>
    </ClCompile>
    <ClCompile Include="PBM.cpp">
      <Filter>Source Files</Filter>
    </ClCompile>
    <ClCompile Include="PGM.cpp">
      <Filter>Source Files</Filter>
    </ClCompile>
    <ClCompile Include="PPM.cpp">
      <Filter>Source Files</Filter>
    </ClCompile>
    <ClCompile Include="CommandQueue.cpp">
      <Filter>Source Files</Filter>
    </ClCompile>
    <ClCompile Include="Bitset.cpp">
      <Filter>Source Files</Filter>
    </ClCompile>
    <ClCompile Include="MyString.cpp">
      <Filter>Source Files</Filter>
    </ClCompile>
    <ClCompile Include="RasterGraphicsEditor.cpp">
      <Filter>Source Files</Filter>
    </ClCompile>
    <ClCompile Include="CommandFactory.cpp">
      <Filter>Source Files</Filter>
    </ClCompile>
    <ClCompile Include="ImageFactory.cpp">
      <Filter>Source Files</Filter>
    </ClCompile>
    <ClCompile Include="Pixel.cpp">
      <Filter>Source Files</Filter>
    </ClCompile>
    <ClCompile Include="load.cpp">
      <Filter>Source Files</Filter>
    </ClCompile>
    <ClCompile Include="Close.cpp">
      <Filter>Source Files</Filter>
    </ClCompile>
    <ClCompile Include="Switch.cpp">
      <Filter>Source Files</Filter>
    </ClCompile>
    <ClCompile Include="SessionInfo.cpp">
      <Filter>Source Files</Filter>
    </ClCompile>
    <ClCompile Include="Grayscale.cpp">
      <Filter>Source Files</Filter>
    </ClCompile>
    <ClCompile Include="Save.cpp">
      <Filter>Source Files</Filter>
    </ClCompile>
  </ItemGroup>
  <ItemGroup>
    <ClInclude Include="Engine.h">
      <Filter>Header Files</Filter>
    </ClInclude>
    <ClInclude Include="Session.h">
      <Filter>Header Files</Filter>
    </ClInclude>
    <ClInclude Include="..\..\PartialFunctionOld\PartialFunction\vector.hpp">
      <Filter>Header Files</Filter>
    </ClInclude>
    <ClInclude Include="Image.h">
      <Filter>Header Files</Filter>
    </ClInclude>
    <ClInclude Include="Command.h">
      <Filter>Header Files</Filter>
    </ClInclude>
    <ClInclude Include="ImageCollection.h">
      <Filter>Header Files</Filter>
    </ClInclude>
    <ClInclude Include="PBM.h">
      <Filter>Header Files</Filter>
    </ClInclude>
    <ClInclude Include="PGM.h">
      <Filter>Header Files</Filter>
    </ClInclude>
    <ClInclude Include="PPM.h">
      <Filter>Header Files</Filter>
    </ClInclude>
    <ClInclude Include="CommandQueue.h">
      <Filter>Header Files</Filter>
    </ClInclude>
    <ClInclude Include="Bitset.h">
      <Filter>Header Files</Filter>
    </ClInclude>
    <ClInclude Include="MyString.h">
      <Filter>Header Files</Filter>
    </ClInclude>
    <ClInclude Include="CommandFactory.h">
      <Filter>Header Files</Filter>
    </ClInclude>
    <ClInclude Include="Pixel.h">
      <Filter>Header Files</Filter>
    </ClInclude>
    <ClInclude Include="ImageFactory.h">
      <Filter>Header Files</Filter>
    </ClInclude>
    <ClInclude Include="load.h">
      <Filter>Header Files</Filter>
    </ClInclude>
    <ClInclude Include="Close.h">
      <Filter>Header Files</Filter>
    </ClInclude>
    <ClInclude Include="Switch.h">
      <Filter>Header Files</Filter>
    </ClInclude>
    <ClInclude Include="SessionInfo.h">
      <Filter>Header Files</Filter>
    </ClInclude>
    <ClInclude Include="Grayscale.h">
      <Filter>Header Files</Filter>
    </ClInclude>
    <ClInclude Include="Save.h">
      <Filter>Header Files</Filter>
    </ClInclude>
  </ItemGroup>
</Project>